
Microsoft Visual Studio Solution File, Format Version 12.00
# Visual Studio 14
VisualStudioVersion = 14.0.24720.0
MinimumVisualStudioVersion = 10.0.40219.1
Project("{FAE04EC0-301F-11D3-BF4B-00C04F79EFBC}") = "Exp.Tracker.Entity", "Exp.Tracker.Entity\Exp.Tracker.Entity.csproj", "{A5C5C449-4912-43B7-9E94-B56E49BAC109}"
EndProject
Global
	GlobalSection(SolutionConfigurationPlatforms) = preSolution
		Debug|Any CPU = Debug|Any CPU
		Release|Any CPU = Release|Any CPU
	EndGlobalSection
	GlobalSection(ProjectConfigurationPlatforms) = postSolution
		{A5C5C449-4912-43B7-9E94-B56E49BAC109}.Debug|Any CPU.ActiveCfg = Debug|Any CPU
		{A5C5C449-4912-43B7-9E94-B56E49BAC109}.Debug|Any CPU.Build.0 = Debug|Any CPU
		{A5C5C449-4912-43B7-9E94-B56E49BAC109}.Release|Any CPU.ActiveCfg = Release|Any CPU
		{A5C5C449-4912-43B7-9E94-B56E49BAC109}.Release|Any CPU.Build.0 = Release|Any CPU
	EndGlobalSection
	GlobalSection(SolutionProperties) = preSolution
		HideSolutionNode = FALSE
	EndGlobalSection
EndGlobal
